hash: a7940cea31f9159ff11b8590c2aab51c2fecbc478e993a9df46f884da18f347c
updated: 2018-02-22T08:38:33.423749637-05:00
imports:
- name: github.com/codegangsta/cli
  version: cfb38830724cc34fedffe9a2a29fb54fa9169cd1
- name: github.com/DataDrake/cli-ng
  version: 88ed6a27f5ac4f6a5a336ed2c5a4e9ad7e4ce423
- name: github.com/Masterminds/glide
  version: 67790b3dbede72cfdc54aa53be4706322c9499e0
  subpackages:
  - action
  - cache
  - cfg
  - dependency
  - gb
  - godep
  - godep/strip
  - gom
  - gpm
  - importer
  - mirrors
  - msg
  - path
  - repo
  - tree
  - util
- name: github.com/Masterminds/semver
  version: 15d8430ab86497c5c0da827b748823945e1cf1e1
- name: github.com/Masterminds/vcs
  version: 6f1c6d150500e452704e9863f68c2559f58616bf
- name: github.com/mitchellh/go-homedir
  version: b8bc1bf767474819792c23f32d8286a45736f1c6
- name: gopkg.in/yaml.v2
  version: d670f9405373e636a5a2765eea47fac0c9bc91a4
testImports: []
