# This file is autogenerated, do not edit; changes may be undone by the next 'dep ensure'.


[[projects]]
  name = "github.com/BurntSushi/toml"
  packages = ["."]
  revision = "3012a1dbe2e4bd1391d42b32f0577cb7bbc7f005"
  version = "v0.3.1"

[[projects]]
  name = "github.com/DataDrake/cli-ng"
  packages = [
    "cmd",
    "options",
    "translate"
  ]
  revision = "8a8956931f206adbcb3d774a42cb89f6acd4f4eb"
  version = "v1.0"

[[projects]]
  name = "github.com/leonelquinteros/gotext"
  packages = ["."]
  revision = "92b69ffa4cc0895b83b42f50065e9de5a3c32960"
  version = "v1.3.1"

[[projects]]
  branch = "master"
  name = "github.com/mattn/kinako"
  packages = [
    "ast",
    "parser",
    "vm"
  ]
  revision = "332c0a7e205a29536e672337a4bea6c7a96b04c1"

[solve-meta]
  analyzer-name = "dep"
  analyzer-version = 1
  inputs-digest = "58fef29894d81661535d588b1d1512ec6a5ef9a9fbaf9afc8a913fa9e2700c35"
  solver-name = "gps-cdcl"
  solver-version = 1
